{
  "name": "es-no-build",
  "version": "0.2.0",
  "dependencies": {
    "plugin-typescript": {
      "version": "5.1.2",
      "from": "plugin-typescript@latest",
      "resolved": "https://registry.npmjs.org/plugin-typescript/-/plugin-typescript-5.1.2.tgz"
    },
    "systemjs-plugin-babel": {
      "version": "0.0.15",
      "from": "systemjs-plugin-babel@latest",
      "resolved": "https://registry.npmjs.org/systemjs-plugin-babel/-/systemjs-plugin-babel-0.0.15.tgz"
    },
    "typescript": {
      "version": "2.0.3",
      "from": "typescript@>=2.0.0 <3.0.0",
      "resolved": "https://registry.npmjs.org/typescript/-/typescript-2.0.3.tgz"
    }
  }
}
